
Microsoft Visual Studio Solution File, Format Version 12.00
# Visual Studio Version 17
VisualStudioVersion = 17.8.34330.188
MinimumVisualStudioVersion = 10.0.40219.1
Project("{9A19103F-16F7-4668-BE54-9A1E7A4F7556}") = "HelloMVC", "HelloMVC\HelloMVC.csproj", "{67BD2EFD-338A-4014-AA6E-8802FC287B4F}"
EndProject
Project("{9A19103F-16F7-4668-BE54-9A1E7A4F7556}") = "DemoCorso.Core", "DemoCorso.Core\DemoCorso.Core.csproj", "{3319433A-D165-4C45-B92C-DE0B5F81DABB}"
EndProject
Project("{FAE04EC0-301F-11D3-BF4B-00C04F79EFBC}") = "DemoCorso.Data", "DemoCorso.Data\DemoCorso.Data.csproj", "{6E85B935-B3A6-40B0-B01D-0E9B96E5D864}"
EndProject
Project("{FAE04EC0-301F-11D3-BF4B-00C04F79EFBC}") = "DemoCorso.Infrastructure", "DemoCorso.Infrastructure\DemoCorso.Infrastructure.csproj", "{16046A5D-6600-4ECA-B192-2F4CBB082595}"
EndProject
Global
	GlobalSection(SolutionConfigurationPlatforms) = preSolution
		Debug|Any CPU = Debug|Any CPU
		Release|Any CPU = Release|Any CPU
	EndGlobalSection
	GlobalSection(ProjectConfigurationPlatforms) = postSolution
		{67BD2EFD-338A-4014-AA6E-8802FC287B4F}.Debug|Any CPU.ActiveCfg = Debug|Any CPU
		{67BD2EFD-338A-4014-AA6E-8802FC287B4F}.Debug|Any CPU.Build.0 = Debug|Any CPU
		{67BD2EFD-338A-4014-AA6E-8802FC287B4F}.Release|Any CPU.ActiveCfg = Release|Any CPU
		{67BD2EFD-338A-4014-AA6E-8802FC287B4F}.Release|Any CPU.Build.0 = Release|Any CPU
		{3319433A-D165-4C45-B92C-DE0B5F81DABB}.Debug|Any CPU.ActiveCfg = Debug|Any CPU
		{3319433A-D165-4C45-B92C-DE0B5F81DABB}.Debug|Any CPU.Build.0 = Debug|Any CPU
		{3319433A-D165-4C45-B92C-DE0B5F81DABB}.Release|Any CPU.ActiveCfg = Release|Any CPU
		{3319433A-D165-4C45-B92C-DE0B5F81DABB}.Release|Any CPU.Build.0 = Release|Any CPU
		{6E85B935-B3A6-40B0-B01D-0E9B96E5D864}.Debug|Any CPU.ActiveCfg = Debug|Any CPU
		{6E85B935-B3A6-40B0-B01D-0E9B96E5D864}.Debug|Any CPU.Build.0 = Debug|Any CPU
		{6E85B935-B3A6-40B0-B01D-0E9B96E5D864}.Release|Any CPU.ActiveCfg = Release|Any CPU
		{6E85B935-B3A6-40B0-B01D-0E9B96E5D864}.Release|Any CPU.Build.0 = Release|Any CPU
		{16046A5D-6600-4ECA-B192-2F4CBB082595}.Debug|Any CPU.ActiveCfg = Debug|Any CPU
		{16046A5D-6600-4ECA-B192-2F4CBB082595}.Debug|Any CPU.Build.0 = Debug|Any CPU
		{16046A5D-6600-4ECA-B192-2F4CBB082595}.Release|Any CPU.ActiveCfg = Release|Any CPU
		{16046A5D-6600-4ECA-B192-2F4CBB082595}.Release|Any CPU.Build.0 = Release|Any CPU
	EndGlobalSection
	GlobalSection(SolutionProperties) = preSolution
		HideSolutionNode = FALSE
	EndGlobalSection
	GlobalSection(ExtensibilityGlobals) = postSolution
		SolutionGuid = {0E60BCAE-2E42-42A6-B0A2-1571F0C1FEA9}
	EndGlobalSection
EndGlobal
